
Microsoft Visual Studio Solution File, Format Version 12.00
# Visual Studio Version 17
VisualStudioVersion = 17.5.33424.131
MinimumVisualStudioVersion = 10.0.40219.1
Project("{FAE04EC0-301F-11D3-BF4B-00C04F79EFBC}") = "FacturaWS", "FacturaWS\FacturaWS.csproj", "{31C72324-6E7B-4E2C-B6B1-119ADDF320EA}"
EndProject
Project("{FAE04EC0-301F-11D3-BF4B-00C04F79EFBC}") = "GesFactura", "GesFactura\GesFactura.csproj", "{E7A593A6-A73C-48EC-9539-F4E0D19F1653}"
	ProjectSection(ProjectDependencies) = postProject
		{31C72324-6E7B-4E2C-B6B1-119ADDF320EA} = {31C72324-6E7B-4E2C-B6B1-119ADDF320EA}
	EndProjectSection
EndProject
Global
	GlobalSection(SolutionConfigurationPlatforms) = preSolution
		Debug|Any CPU = Debug|Any CPU
		Release|Any CPU = Release|Any CPU
	EndGlobalSection
	GlobalSection(ProjectConfigurationPlatforms) = postSolution
		{31C72324-6E7B-4E2C-B6B1-119ADDF320EA}.Debug|Any CPU.ActiveCfg = Debug|Any CPU
		{31C72324-6E7B-4E2C-B6B1-119ADDF320EA}.Debug|Any CPU.Build.0 = Debug|Any CPU
		{31C72324-6E7B-4E2C-B6B1-119ADDF320EA}.Release|Any CPU.ActiveCfg = Release|Any CPU
		{31C72324-6E7B-4E2C-B6B1-119ADDF320EA}.Release|Any CPU.Build.0 = Release|Any CPU
		{E7A593A6-A73C-48EC-9539-F4E0D19F1653}.Debug|Any CPU.ActiveCfg = Debug|Any CPU
		{E7A593A6-A73C-48EC-9539-F4E0D19F1653}.Debug|Any CPU.Build.0 = Debug|Any CPU
		{E7A593A6-A73C-48EC-9539-F4E0D19F1653}.Release|Any CPU.ActiveCfg = Release|Any CPU
		{E7A593A6-A73C-48EC-9539-F4E0D19F1653}.Release|Any CPU.Build.0 = Release|Any CPU
	EndGlobalSection
	GlobalSection(SolutionProperties) = preSolution
		HideSolutionNode = FALSE
	EndGlobalSection
	GlobalSection(ExtensibilityGlobals) = postSolution
		SolutionGuid = {3B6F71C5-2A9C-4794-8C96-37B5787A7106}
	EndGlobalSection
EndGlobal
